
Microsoft Visual Studio Solution File, Format Version 12.00
# Visual Studio Version 17
VisualStudioVersion = 17.11.35303.130
MinimumVisualStudioVersion = 10.0.40219.1
Project("{FAE04EC0-301F-11D3-BF4B-00C04F79EFBC}") = "WpfApp1", "WpfApp1.csproj", "{EA1E12FA-D172-444E-9398-C5F435DC953E}"
EndProject
Global
	GlobalSection(SolutionConfigurationPlatforms) = preSolution
		Debug|Any CPU = Debug|Any CPU
		Release|Any CPU = Release|Any CPU
	EndGlobalSection
	GlobalSection(ProjectConfigurationPlatforms) = postSolution
		{EA1E12FA-D172-444E-9398-C5F435DC953E}.Debug|Any CPU.ActiveCfg = Debug|Any CPU
		{EA1E12FA-D172-444E-9398-C5F435DC953E}.Debug|Any CPU.Build.0 = Debug|Any CPU
		{EA1E12FA-D172-444E-9398-C5F435DC953E}.Release|Any CPU.ActiveCfg = Release|Any CPU
		{EA1E12FA-D172-444E-9398-C5F435DC953E}.Release|Any CPU.Build.0 = Release|Any CPU
	EndGlobalSection
	GlobalSection(SolutionProperties) = preSolution
		HideSolutionNode = FALSE
	EndGlobalSection
	GlobalSection(ExtensibilityGlobals) = postSolution
		SolutionGuid = {1B81CFA1-D93F-40A8-8E30-4DEB344081CA}
	EndGlobalSection
EndGlobal
